
Microsoft Visual Studio Solution File, Format Version 12.00
# Visual Studio Version 17
VisualStudioVersion = 17.7.34031.279
MinimumVisualStudioVersion = 10.0.40219.1
Project("{8BC9CEB8-8B4A-11D0-8D11-00A0C91BC942}") = "ProjectMobile", "ProjectMobile\ProjectMobile.vcxproj", "{6AF17AB6-E5AF-4584-A520-7B34580F9903}"
EndProject
Global
	GlobalSection(SolutionConfigurationPlatforms) = preSolution
		Debug|x64 = Debug|x64
		Debug|x86 = Debug|x86
		Release|x64 = Release|x64
		Release|x86 = Release|x86
	EndGlobalSection
	GlobalSection(ProjectConfigurationPlatforms) = postSolution
		{6AF17AB6-E5AF-4584-A520-7B34580F9903}.Debug|x64.ActiveCfg = Debug|x64
		{6AF17AB6-E5AF-4584-A520-7B34580F9903}.Debug|x64.Build.0 = Debug|x64
		{6AF17AB6-E5AF-4584-A520-7B34580F9903}.Debug|x86.ActiveCfg = Debug|Win32
		{6AF17AB6-E5AF-4584-A520-7B34580F9903}.Debug|x86.Build.0 = Debug|Win32
		{6AF17AB6-E5AF-4584-A520-7B34580F9903}.Release|x64.ActiveCfg = Release|x64
		{6AF17AB6-E5AF-4584-A520-7B34580F9903}.Release|x64.Build.0 = Release|x64
		{6AF17AB6-E5AF-4584-A520-7B34580F9903}.Release|x86.ActiveCfg = Release|Win32
		{6AF17AB6-E5AF-4584-A520-7B34580F9903}.Release|x86.Build.0 = Release|Win32
	EndGlobalSection
	GlobalSection(SolutionProperties) = preSolution
		HideSolutionNode = FALSE
	EndGlobalSection
	GlobalSection(ExtensibilityGlobals) = postSolution
		SolutionGuid = {24638E93-7DF7-4B4E-AB1A-8C49A1D1E949}
	EndGlobalSection
EndGlobal
